{
  "pins" : [
    {
      "identity" : "swiftdraw",
      "kind" : "remoteSourceControl",
      "location" : "https://github.com/swhitty/SwiftDraw.git",
      "state" : {
        "revision" : "a5c680f07b33f4cc9a451491b417b8119de23c6e",
        "version" : "0.17.0"
      }
    }
  ],
  "version" : 2
}
